
Microsoft Visual Studio Solution File, Format Version 12.00
# Visual Studio Version 16
VisualStudioVersion = 16.0.30717.126
MinimumVisualStudioVersion = 10.0.40219.1
Project("{FAE04EC0-301F-11D3-BF4B-00C04F79EFBC}") = "Entities", "Sources\Entities\Entities.csproj", "{0D39F8BD-AEA4-4BAA-81B8-472BAB9B22EB}"
EndProject
Project("{FAE04EC0-301F-11D3-BF4B-00C04F79EFBC}") = "Engine", "Sources\Engine\Engine.csproj", "{C163CDA8-78F8-4A4F-B88B-969CB7C5DD19}"
EndProject
Project("{FAE04EC0-301F-11D3-BF4B-00C04F79EFBC}") = "GameApi", "Sources\GameApi\GameApi.csproj", "{036B8AA0-3EB4-40DD-8899-B07DB0DE1048}"
EndProject
Global
	GlobalSection(SolutionConfigurationPlatforms) = preSolution
		Debug|Any CPU = Debug|Any CPU
		Release|Any CPU = Release|Any CPU
		U__ Unity|Any CPU = U__ Unity|Any CPU
		UK_ Unity Kaihatu|Any CPU = UK_ Unity Kaihatu|Any CPU
		UKD Unity Kaihatu DEBUG|Any CPU = UKD Unity Kaihatu DEBUG|Any CPU
	EndGlobalSection
	GlobalSection(ProjectConfigurationPlatforms) = postSolution
		{0D39F8BD-AEA4-4BAA-81B8-472BAB9B22EB}.Debug|Any CPU.ActiveCfg = Debug|Any CPU
		{0D39F8BD-AEA4-4BAA-81B8-472BAB9B22EB}.Debug|Any CPU.Build.0 = Debug|Any CPU
		{0D39F8BD-AEA4-4BAA-81B8-472BAB9B22EB}.Release|Any CPU.ActiveCfg = Release|Any CPU
		{0D39F8BD-AEA4-4BAA-81B8-472BAB9B22EB}.Release|Any CPU.Build.0 = Release|Any CPU
		{0D39F8BD-AEA4-4BAA-81B8-472BAB9B22EB}.U__ Unity|Any CPU.ActiveCfg = Release|Any CPU
		{0D39F8BD-AEA4-4BAA-81B8-472BAB9B22EB}.U__ Unity|Any CPU.Build.0 = Release|Any CPU
		{0D39F8BD-AEA4-4BAA-81B8-472BAB9B22EB}.UK_ Unity Kaihatu|Any CPU.ActiveCfg = Release|Any CPU
		{0D39F8BD-AEA4-4BAA-81B8-472BAB9B22EB}.UK_ Unity Kaihatu|Any CPU.Build.0 = Release|Any CPU
		{0D39F8BD-AEA4-4BAA-81B8-472BAB9B22EB}.UKD Unity Kaihatu DEBUG|Any CPU.ActiveCfg = Release|Any CPU
		{C163CDA8-78F8-4A4F-B88B-969CB7C5DD19}.Debug|Any CPU.ActiveCfg = Debug|Any CPU
		{C163CDA8-78F8-4A4F-B88B-969CB7C5DD19}.Debug|Any CPU.Build.0 = Debug|Any CPU
		{C163CDA8-78F8-4A4F-B88B-969CB7C5DD19}.Release|Any CPU.ActiveCfg = Release|Any CPU
		{C163CDA8-78F8-4A4F-B88B-969CB7C5DD19}.Release|Any CPU.Build.0 = Release|Any CPU
		{C163CDA8-78F8-4A4F-B88B-969CB7C5DD19}.U__ Unity|Any CPU.ActiveCfg = Release|Any CPU
		{C163CDA8-78F8-4A4F-B88B-969CB7C5DD19}.UK_ Unity Kaihatu|Any CPU.ActiveCfg = Release|Any CPU
		{C163CDA8-78F8-4A4F-B88B-969CB7C5DD19}.UKD Unity Kaihatu DEBUG|Any CPU.ActiveCfg = Release|Any CPU
		{036B8AA0-3EB4-40DD-8899-B07DB0DE1048}.Debug|Any CPU.ActiveCfg = Debug|Any CPU
		{036B8AA0-3EB4-40DD-8899-B07DB0DE1048}.Debug|Any CPU.Build.0 = Debug|Any CPU
		{036B8AA0-3EB4-40DD-8899-B07DB0DE1048}.Release|Any CPU.ActiveCfg = Release|Any CPU
		{036B8AA0-3EB4-40DD-8899-B07DB0DE1048}.Release|Any CPU.Build.0 = Release|Any CPU
		{036B8AA0-3EB4-40DD-8899-B07DB0DE1048}.U__ Unity|Any CPU.ActiveCfg = Release|Any CPU
		{036B8AA0-3EB4-40DD-8899-B07DB0DE1048}.UK_ Unity Kaihatu|Any CPU.ActiveCfg = Release|Any CPU
		{036B8AA0-3EB4-40DD-8899-B07DB0DE1048}.UKD Unity Kaihatu DEBUG|Any CPU.ActiveCfg = Release|Any CPU
	EndGlobalSection
	GlobalSection(SolutionProperties) = preSolution
		HideSolutionNode = FALSE
	EndGlobalSection
	GlobalSection(ExtensibilityGlobals) = postSolution
		SolutionGuid = {58156A4E-6266-4D10-8780-CD69328CE4C2}
	EndGlobalSection
EndGlobal
